// !$*UTF8*$!
{
	archiveVersion = 1;
	classes = {
	};
	objectVersion = 50;
	objects = {

/* Begin PBXBuildFile section */
		30B1D47025ED873900829270 /* AppDelegate.swift in Sources */ = {isa = PBXBuildFile; fileRef = 30B1D46F25ED873900829270 /* AppDelegate.swift */; };
		30B1D47425ED873900829270 /* EmployeeListViewController.swift in Sources */ = {isa = PBXBuildFile; fileRef = 30B1D47325ED873900829270 /* EmployeeListViewController.swift */; };
		30B1D47925ED873900829270 /* Assets.xcassets in Resources */ = {isa = PBXBuildFile; fileRef = 30B1D47825ED873900829270 /* Assets.xcassets */; };
		30B1D47C25ED873900829270 /* LaunchScreen.storyboard in Resources */ = {isa = PBXBuildFile; fileRef = 30B1D47A25ED873900829270 /* LaunchScreen.storyboard */; };
		30B1D48725ED87F600829270 /* Employee.swift in Sources */ = {isa = PBXBuildFile; fileRef = 30B1D48625ED87F600829270 /* Employee.swift */; };
		30B1D48F25EDA15800829270 /* EmployeeEditorViewController.swift in Sources */ = {isa = PBXBuildFile; fileRef = 30B1D48E25EDA15800829270 /* EmployeeEditorViewController.swift */; };
		30C76341261BB9A80008F007 /* FeatureListViewController.swift in Sources */ = {isa = PBXBuildFile; fileRef = 30C76340261BB9A80008F007 /* FeatureListViewController.swift */; };
		30C76345261BBB820008F007 /* Feature.swift in Sources */ = {isa = PBXBuildFile; fileRef = 30C76344261BBB820008F007 /* Feature.swift */; };
		30DE43A7260E04BE00BC2872 /* EmployeeEditorDelegate.swift in Sources */ = {isa = PBXBuildFile; fileRef = 30DE43A6260E04BE00BC2872 /* EmployeeEditorDelegate.swift */; };
		30EDEB0E261088480088B295 /* .gitignore in Resources */ = {isa = PBXBuildFile; fileRef = 30EDEB0D261088480088B295 /* .gitignore */; };
/* End PBXBuildFile section */

/* Begin PBXFileReference section */
		30B1D46C25ED873900829270 /* TableApplication.app */ = {isa = PBXFileReference; explicitFileType = wrapper.application; includeInIndex = 0; path = TableApplication.app; sourceTree = BUILT_PRODUCTS_DIR; };
		30B1D46F25ED873900829270 /* AppDelegate.swift */ = {isa = PBXFileReference; lastKnownFileType = sourcecode.swift; path = AppDelegate.swift; sourceTree = "<group>"; };
		30B1D47325ED873900829270 /* EmployeeListViewController.swift */ = {isa = PBXFileReference; lastKnownFileType = sourcecode.swift; path = EmployeeListViewController.swift; sourceTree = "<group>"; };
		30B1D47825ED873900829270 /* Assets.xcassets */ = {isa = PBXFileReference; lastKnownFileType = folder.assetcatalog; path = Assets.xcassets; sourceTree = "<group>"; };
		30B1D47B25ED873900829270 /* Base */ = {isa = PBXFileReference; lastKnownFileType = file.storyboard; name = Base; path = Base.lproj/LaunchScreen.storyboard; sourceTree = "<group>"; };
		30B1D47D25ED873900829270 /* Info.plist */ = {isa = PBXFileReference; lastKnownFileType = text.plist.xml; path = Info.plist; sourceTree = "<group>"; };
		30B1D48625ED87F600829270 /* Employee.swift */ = {isa = PBXFileReference; lastKnownFileType = sourcecode.swift; path = Employee.swift; sourceTree = "<group>"; };
		30B1D48E25EDA15800829270 /* EmployeeEditorViewController.swift */ = {isa = PBXFileReference; lastKnownFileType = sourcecode.swift; path = EmployeeEditorViewController.swift; sourceTree = "<group>"; };
		30C76340261BB9A80008F007 /* FeatureListViewController.swift */ = {isa = PBXFileReference; lastKnownFileType = sourcecode.swift; path = FeatureListViewController.swift; sourceTree = "<group>"; };
		30C76344261BBB820008F007 /* Feature.swift */ = {isa = PBXFileReference; lastKnownFileType = sourcecode.swift; path = Feature.swift; sourceTree = "<group>"; };
		30DE43A6260E04BE00BC2872 /* EmployeeEditorDelegate.swift */ = {isa = PBXFileReference; lastKnownFileType = sourcecode.swift; path = EmployeeEditorDelegate.swift; sourceTree = "<group>"; };
		30EDEB0D261088480088B295 /* .gitignore */ = {isa = PBXFileReference; lastKnownFileType = text; name = .gitignore; path = ../.gitignore; sourceTree = "<group>"; };
/* End PBXFileReference section */

/* Begin PBXFrameworksBuildPhase section */
		30B1D46925ED873900829270 /* Frameworks */ = {
			isa = PBXFrameworksBuildPhase;
			buildActionMask = 2147483647;
			files = (
			);
			runOnlyForDeploymentPostprocessing = 0;
		};
/* End PBXFrameworksBuildPhase section */

/* Begin PBXGroup section */
		30B1D46325ED873900829270 = {
			isa = PBXGroup;
			children = (
				30B1D46E25ED873900829270 /* TableApplication */,
				30B1D46D25ED873900829270 /* Products */,
			);
			sourceTree = "<group>";
		};
		30B1D46D25ED873900829270 /* Products */ = {
			isa = PBXGroup;
			children = (
				30B1D46C25ED873900829270 /* TableApplication.app */,
			);
			name = Products;
			sourceTree = "<group>";
		};
		30B1D46E25ED873900829270 /* TableApplication */ = {
			isa = PBXGroup;
			children = (
				30C76343261BB9B30008F007 /* Employee */,
				30C7634B261BBF6E0008F007 /* Feature */,
				30B1D46F25ED873900829270 /* AppDelegate.swift */,
				30B1D47A25ED873900829270 /* LaunchScreen.storyboard */,
				30B1D47D25ED873900829270 /* Info.plist */,
				30EDEB0D261088480088B295 /* .gitignore */,
				30B1D47825ED873900829270 /* Assets.xcassets */,
			);
			path = TableApplication;
			sourceTree = "<group>";
		};
		30C76343261BB9B30008F007 /* Employee */ = {
			isa = PBXGroup;
			children = (
				30B1D48E25EDA15800829270 /* EmployeeEditorViewController.swift */,
				30B1D48625ED87F600829270 /* Employee.swift */,
				30B1D47325ED873900829270 /* EmployeeListViewController.swift */,
				30DE43A6260E04BE00BC2872 /* EmployeeEditorDelegate.swift */,
			);
			path = Employee;
			sourceTree = "<group>";
		};
		30C7634B261BBF6E0008F007 /* Feature */ = {
			isa = PBXGroup;
			children = (
				30C76340261BB9A80008F007 /* FeatureListViewController.swift */,
				30C76344261BBB820008F007 /* Feature.swift */,
			);
			path = Feature;
			sourceTree = "<group>";
		};
/* End PBXGroup section */

/* Begin PBXNativeTarget section */
		30B1D46B25ED873900829270 /* TableApplication */ = {
			isa = PBXNativeTarget;
			buildConfigurationList = 30B1D48025ED873900829270 /* Build configuration list for PBXNativeTarget "TableApplication" */;
			buildPhases = (
				30B1D46825ED873900829270 /* Sources */,
				30B1D46925ED873900829270 /* Frameworks */,
				30B1D46A25ED873900829270 /* Resources */,
			);
			buildRules = (
			);
			dependencies = (
			);
			name = TableApplication;
			productName = TableApplication;
			productReference = 30B1D46C25ED873900829270 /* TableApplication.app */;
			productType = "com.apple.product-type.application";
		};
/* End PBXNativeTarget section */

/* Begin PBXProject section */
		30B1D46425ED873900829270 /* Project object */ = {
			isa = PBXProject;
			attributes = {
				LastSwiftUpdateCheck = 1240;
				LastUpgradeCheck = 1240;
				TargetAttributes = {
					30B1D46B25ED873900829270 = {
						CreatedOnToolsVersion = 12.4;
					};
				};
			};
			buildConfigurationList = 30B1D46725ED873900829270 /* Build configuration list for PBXProject "TableApplication" */;
			compatibilityVersion = "Xcode 9.3";
			developmentRegion = en;
			hasScannedForEncodings = 0;
			knownRegions = (
				en,
				Base,
			);
			mainGroup = 30B1D46325ED873900829270;
			productRefGroup = 30B1D46D25ED873900829270 /* Products */;
			projectDirPath = "";
			projectRoot = "";
			targets = (
				30B1D46B25ED873900829270 /* TableApplication */,
			);
		};
/* End PBXProject section */

/* Begin PBXResourcesBuildPhase section */
		30B1D46A25ED873900829270 /* Resources */ = {
			isa = PBXResourcesBuildPhase;
			buildActionMask = 2147483647;
			files = (
				30B1D47C25ED873900829270 /* LaunchScreen.storyboard in Resources */,
				30EDEB0E261088480088B295 /* .gitignore in Resources */,
				30B1D47925ED873900829270 /* Assets.xcassets in Resources */,
			);
			runOnlyForDeploymentPostprocessing = 0;
		};
/* End PBXResourcesBuildPhase section */

/* Begin PBXSourcesBuildPhase section */
		30B1D46825ED873900829270 /* Sources */ = {
			isa = PBXSourcesBuildPhase;
			buildActionMask = 2147483647;
			files = (
				30B1D48F25EDA15800829270 /* EmployeeEditorViewController.swift in Sources */,
				30DE43A7260E04BE00BC2872 /* EmployeeEditorDelegate.swift in Sources */,
				30C76345261BBB820008F007 /* Feature.swift in Sources */,
				30B1D47425ED873900829270 /* EmployeeListViewController.swift in Sources */,
				30B1D48725ED87F600829270 /* Employee.swift in Sources */,
				30B1D47025ED873900829270 /* AppDelegate.swift in Sources */,
				30C76341261BB9A80008F007 /* FeatureListViewController.swift in Sources */,
			);
			runOnlyForDeploymentPostprocessing = 0;
		};
/* End PBXSourcesBuildPhase section */

/* Begin PBXVariantGroup section */
		30B1D47A25ED873900829270 /* LaunchScreen.storyboard */ = {
			isa = PBXVariantGroup;
			children = (
				30B1D47B25ED873900829270 /* Base */,
			);
			name = LaunchScreen.storyboard;
			sourceTree = "<group>";
		};
/* End PBXVariantGroup section */

/* Begin XCBuildConfiguration section */
		30B1D47E25ED873900829270 /* Debug */ = {
			isa = XCBuildConfiguration;
			buildSettings = {
				ALWAYS_SEARCH_USER_PATHS = NO;
				CLANG_ANALYZER_NONNULL = YES;
				CLANG_ANALYZER_NUMBER_OBJECT_CONVERSION = YES_AGGRESSIVE;
				CLANG_CXX_LANGUAGE_STANDARD = "gnu++14";
				CLANG_CXX_LIBRARY = "libc++";
				CLANG_ENABLE_MODULES = YES;
				CLANG_ENABLE_OBJC_ARC = YES;
				CLANG_ENABLE_OBJC_WEAK = YES;
				CLANG_WARN_BLOCK_CAPTURE_AUTORELEASING = YES;
				CLANG_WARN_BOOL_CONVERSION = YES;
				CLANG_WARN_COMMA = YES;
				CLANG_WARN_CONSTANT_CONVERSION = YES;
				CLANG_WARN_DEPRECATED_OBJC_IMPLEMENTATIONS = YES;
				CLANG_WARN_DIRECT_OBJC_ISA_USAGE = YES_ERROR;
				CLANG_WARN_DOCUMENTATION_COMMENTS = YES;
				CLANG_WARN_EMPTY_BODY = YES;
				CLANG_WARN_ENUM_CONVERSION = YES;
				CLANG_WARN_INFINITE_RECURSION = YES;
				CLANG_WARN_INT_CONVERSION = YES;
				CLANG_WARN_NON_LITERAL_NULL_CONVERSION = YES;
				CLANG_WARN_OBJC_IMPLICIT_RETAIN_SELF = YES;
				CLANG_WARN_OBJC_LITERAL_CONVERSION = YES;
				CLANG_WARN_OBJC_ROOT_CLASS = YES_ERROR;
				CLANG_WARN_QUOTED_INCLUDE_IN_FRAMEWORK_HEADER = YES;
				CLANG_WARN_RANGE_LOOP_ANALYSIS = YES;
				CLANG_WARN_STRICT_PROTOTYPES = YES;
				CLANG_WARN_SUSPICIOUS_MOVE = YES;
				CLANG_WARN_UNGUARDED_AVAILABILITY = YES_AGGRESSIVE;
				CLANG_WARN_UNREACHABLE_CODE = YES;
				CLANG_WARN__DUPLICATE_METHOD_MATCH = YES;
				COPY_PHASE_STRIP = NO;
				DEBUG_INFORMATION_FORMAT = dwarf;
				ENABLE_STRICT_OBJC_MSGSEND = YES;
				ENABLE_TESTABILITY = YES;
				GCC_C_LANGUAGE_STANDARD = gnu11;
				GCC_DYNAMIC_NO_PIC = NO;
				GCC_NO_COMMON_BLOCKS = YES;
				GCC_OPTIMIZATION_LEVEL = 0;
				GCC_PREPROCESSOR_DEFINITIONS = (
					"DEBUG=1",
					"$(inherited)",
				);
				GCC_WARN_64_TO_32_BIT_CONVERSION = YES;
				GCC_WARN_ABOUT_RETURN_TYPE = YES_ERROR;
				GCC_WARN_UNDECLARED_SELECTOR = YES;
				GCC_WARN_UNINITIALIZED_AUTOS = YES_AGGRESSIVE;
				GCC_WARN_UNUSED_FUNCTION = YES;
				GCC_WARN_UNUSED_VARIABLE = YES;
				IPHONEOS_DEPLOYMENT_TARGET = 14.4;
				MTL_ENABLE_DEBUG_INFO = INCLUDE_SOURCE;
				MTL_FAST_MATH = YES;
				ONLY_ACTIVE_ARCH = YES;
				SDKROOT = iphoneos;
				SWIFT_ACTIVE_COMPILATION_CONDITIONS = DEBUG;
				SWIFT_OPTIMIZATION_LEVEL = "-Onone";
			};
			name = Debug;
		};
		30B1D47F25ED873900829270 /* Release */ = {
			isa = XCBuildConfiguration;
			buildSettings = {
				ALWAYS_SEARCH_USER_PATHS = NO;
				CLANG_ANALYZER_NONNULL = YES;
				CLANG_ANALYZER_NUMBER_OBJECT_CONVERSION = YES_AGGRESSIVE;
				CLANG_CXX_LANGUAGE_STANDARD = "gnu++14";
				CLANG_CXX_LIBRARY = "libc++";
				CLANG_ENABLE_MODULES = YES;
				CLANG_ENABLE_OBJC_ARC = YES;
				CLANG_ENABLE_OBJC_WEAK = YES;
				CLANG_WARN_BLOCK_CAPTURE_AUTORELEASING = YES;
				CLANG_WARN_BOOL_CONVERSION = YES;
				CLANG_WARN_COMMA = YES;
				CLANG_WARN_CONSTANT_CONVERSION = YES;
				CLANG_WARN_DEPRECATED_OBJC_IMPLEMENTATIONS = YES;
				CLANG_WARN_DIRECT_OBJC_ISA_USAGE = YES_ERROR;
				CLANG_WARN_DOCUMENTATION_COMMENTS = YES;
				CLANG_WARN_EMPTY_BODY = YES;
				CLANG_WARN_ENUM_CONVERSION = YES;
				CLANG_WARN_INFINITE_RECURSION = YES;
				CLANG_WARN_INT_CONVERSION = YES;
				CLANG_WARN_NON_LITERAL_NULL_CONVERSION = YES;
				CLANG_WARN_OBJC_IMPLICIT_RETAIN_SELF = YES;
				CLANG_WARN_OBJC_LITERAL_CONVERSION = YES;
				CLANG_WARN_OBJC_ROOT_CLASS = YES_ERROR;
				CLANG_WARN_QUOTED_INCLUDE_IN_FRAMEWORK_HEADER = YES;
				CLANG_WARN_RANGE_LOOP_ANALYSIS = YES;
				CLANG_WARN_STRICT_PROTOTYPES = YES;
				CLANG_WARN_SUSPICIOUS_MOVE = YES;
				CLANG_WARN_UNGUARDED_AVAILABILITY = YES_AGGRESSIVE;
				CLANG_WARN_UNREACHABLE_CODE = YES;
				CLANG_WARN__DUPLICATE_METHOD_MATCH = YES;
				COPY_PHASE_STRIP = NO;
				DEBUG_INFORMATION_FORMAT = "dwarf-with-dsym";
				ENABLE_NS_ASSERTIONS = NO;
				ENABLE_STRICT_OBJC_MSGSEND = YES;
				GCC_C_LANGUAGE_STANDARD = gnu11;
				GCC_NO_COMMON_BLOCKS = YES;
				GCC_WARN_64_TO_32_BIT_CONVERSION = YES;
				GCC_WARN_ABOUT_RETURN_TYPE = YES_ERROR;
				GCC_WARN_UNDECLARED_SELECTOR = YES;
				GCC_WARN_UNINITIALIZED_AUTOS = YES_AGGRESSIVE;
				GCC_WARN_UNUSED_FUNCTION = YES;
				GCC_WARN_UNUSED_VARIABLE = YES;
				IPHONEOS_DEPLOYMENT_TARGET = 14.4;
				MTL_ENABLE_DEBUG_INFO = NO;
				MTL_FAST_MATH = YES;
				SDKROOT = iphoneos;
				SWIFT_COMPILATION_MODE = wholemodule;
				SWIFT_OPTIMIZATION_LEVEL = "-O";
				VALIDATE_PRODUCT = YES;
			};
			name = Release;
		};
		30B1D48125ED873900829270 /* Debug */ = {
			isa = XCBuildConfiguration;
			buildSettings = {
				ASSETCATALOG_COMPILER_APPICON_NAME = AppIcon;
				ASSETCATALOG_COMPILER_GLOBAL_ACCENT_COLOR_NAME = AccentColor;
				CODE_SIGN_STYLE = Automatic;
				DEVELOPMENT_TEAM = M3XP8JAXZP;
				INFOPLIST_FILE = TableApplication/Info.plist;
				LD_RUNPATH_SEARCH_PATHS = (
					"$(inherited)",
					"@executable_path/Frameworks",
				);
				PRODUCT_BUNDLE_IDENTIFIER = TS.TableApplication;
				PRODUCT_NAME = "$(TARGET_NAME)";
				SWIFT_VERSION = 5.0;
				TARGETED_DEVICE_FAMILY = "1,2";
			};
			name = Debug;
		};
		30B1D48225ED873900829270 /* Release */ = {
			isa = XCBuildConfiguration;
			buildSettings = {
				ASSETCATALOG_COMPILER_APPICON_NAME = AppIcon;
				ASSETCATALOG_COMPILER_GLOBAL_ACCENT_COLOR_NAME = AccentColor;
				CODE_SIGN_STYLE = Automatic;
				DEVELOPMENT_TEAM = M3XP8JAXZP;
				INFOPLIST_FILE = TableApplication/Info.plist;
				LD_RUNPATH_SEARCH_PATHS = (
					"$(inherited)",
					"@executable_path/Frameworks",
				);
				PRODUCT_BUNDLE_IDENTIFIER = TS.TableApplication;
				PRODUCT_NAME = "$(TARGET_NAME)";
				SWIFT_VERSION = 5.0;
				TARGETED_DEVICE_FAMILY = "1,2";
			};
			name = Release;
		};
/* End XCBuildConfiguration section */

/* Begin XCConfigurationList section */
		30B1D46725ED873900829270 /* Build configuration list for PBXProject "TableApplication" */ = {
			isa = XCConfigurationList;
			buildConfigurations = (
				30B1D47E25ED873900829270 /* Debug */,
				30B1D47F25ED873900829270 /* Release */,
			);
			defaultConfigurationIsVisible = 0;
			defaultConfigurationName = Release;
		};
		30B1D48025ED873900829270 /* Build configuration list for PBXNativeTarget "TableApplication" */ = {
			isa = XCConfigurationList;
			buildConfigurations = (
				30B1D48125ED873900829270 /* Debug */,
				30B1D48225ED873900829270 /* Release */,
			);
			defaultConfigurationIsVisible = 0;
			defaultConfigurationName = Release;
		};
/* End XCConfigurationList section */
	};
	rootObject = 30B1D46425ED873900829270 /* Project object */;
}
